
Microsoft Visual Studio Solution File, Format Version 12.00
# Visual Studio Version 17
VisualStudioVersion = 17.7.34202.233
MinimumVisualStudioVersion = 10.0.40219.1
Project("{FAE04EC0-301F-11D3-BF4B-00C04F79EFBC}") = "metotlarr 3. (14.12.23)", "metotlarr 3. (14.12.23).csproj", "{DE6DDFAB-07B2-437E-9D92-CB05D7ABB242}"
EndProject
Global
	GlobalSection(SolutionConfigurationPlatforms) = preSolution
		Debug|Any CPU = Debug|Any CPU
		Release|Any CPU = Release|Any CPU
	EndGlobalSection
	GlobalSection(ProjectConfigurationPlatforms) = postSolution
		{DE6DDFAB-07B2-437E-9D92-CB05D7ABB242}.Debug|Any CPU.ActiveCfg = Debug|Any CPU
		{DE6DDFAB-07B2-437E-9D92-CB05D7ABB242}.Debug|Any CPU.Build.0 = Debug|Any CPU
		{DE6DDFAB-07B2-437E-9D92-CB05D7ABB242}.Release|Any CPU.ActiveCfg = Release|Any CPU
		{DE6DDFAB-07B2-437E-9D92-CB05D7ABB242}.Release|Any CPU.Build.0 = Release|Any CPU
	EndGlobalSection
	GlobalSection(SolutionProperties) = preSolution
		HideSolutionNode = FALSE
	EndGlobalSection
	GlobalSection(ExtensibilityGlobals) = postSolution
		SolutionGuid = {8A123310-B9F7-4A1F-80F8-315C3D17B8AE}
	EndGlobalSection
EndGlobal
