
Microsoft Visual Studio Solution File, Format Version 12.00
# Visual Studio Version 17
VisualStudioVersion = 17.7.34202.233
MinimumVisualStudioVersion = 10.0.40219.1
Project("{FAE04EC0-301F-11D3-BF4B-00C04F79EFBC}") = "OrnekProje1", "OrnekProje1.csproj", "{904BF81C-89C0-4715-A58D-4161E9990DE1}"
EndProject
Global
	GlobalSection(SolutionConfigurationPlatforms) = preSolution
		Debug|Any CPU = Debug|Any CPU
		Release|Any CPU = Release|Any CPU
	EndGlobalSection
	GlobalSection(ProjectConfigurationPlatforms) = postSolution
		{904BF81C-89C0-4715-A58D-4161E9990DE1}.Debug|Any CPU.ActiveCfg = Debug|Any CPU
		{904BF81C-89C0-4715-A58D-4161E9990DE1}.Debug|Any CPU.Build.0 = Debug|Any CPU
		{904BF81C-89C0-4715-A58D-4161E9990DE1}.Release|Any CPU.ActiveCfg = Release|Any CPU
		{904BF81C-89C0-4715-A58D-4161E9990DE1}.Release|Any CPU.Build.0 = Release|Any CPU
	EndGlobalSection
	GlobalSection(SolutionProperties) = preSolution
		HideSolutionNode = FALSE
	EndGlobalSection
	GlobalSection(ExtensibilityGlobals) = postSolution
		SolutionGuid = {DAE65F0C-ABB3-4369-9EA5-C714F1E53575}
	EndGlobalSection
EndGlobal
