
Microsoft Visual Studio Solution File, Format Version 12.00
# Visual Studio Version 17
VisualStudioVersion = 17.7.34202.233
MinimumVisualStudioVersion = 10.0.40219.1
Project("{FAE04EC0-301F-11D3-BF4B-00C04F79EFBC}") = "241123", "241123.csproj", "{1A383613-90BC-4862-8A66-E67D20BFF681}"
EndProject
Global
	GlobalSection(SolutionConfigurationPlatforms) = preSolution
		Debug|Any CPU = Debug|Any CPU
		Release|Any CPU = Release|Any CPU
	EndGlobalSection
	GlobalSection(ProjectConfigurationPlatforms) = postSolution
		{1A383613-90BC-4862-8A66-E67D20BFF681}.Debug|Any CPU.ActiveCfg = Debug|Any CPU
		{1A383613-90BC-4862-8A66-E67D20BFF681}.Debug|Any CPU.Build.0 = Debug|Any CPU
		{1A383613-90BC-4862-8A66-E67D20BFF681}.Release|Any CPU.ActiveCfg = Release|Any CPU
		{1A383613-90BC-4862-8A66-E67D20BFF681}.Release|Any CPU.Build.0 = Release|Any CPU
	EndGlobalSection
	GlobalSection(SolutionProperties) = preSolution
		HideSolutionNode = FALSE
	EndGlobalSection
	GlobalSection(ExtensibilityGlobals) = postSolution
		SolutionGuid = {F4B5E9A4-08E9-40FD-A232-108DDA5B5283}
	EndGlobalSection
EndGlobal
