
Microsoft Visual Studio Solution File, Format Version 12.00
# Visual Studio Version 17
VisualStudioVersion = 17.7.34202.233
MinimumVisualStudioVersion = 10.0.40219.1
Project("{FAE04EC0-301F-11D3-BF4B-00C04F79EFBC}") = "enum ders", "enum ders.csproj", "{968CD05D-3DCE-4E42-B6FD-567DBFDAD69A}"
EndProject
Global
	GlobalSection(SolutionConfigurationPlatforms) = preSolution
		Debug|Any CPU = Debug|Any CPU
		Release|Any CPU = Release|Any CPU
	EndGlobalSection
	GlobalSection(ProjectConfigurationPlatforms) = postSolution
		{968CD05D-3DCE-4E42-B6FD-567DBFDAD69A}.Debug|Any CPU.ActiveCfg = Debug|Any CPU
		{968CD05D-3DCE-4E42-B6FD-567DBFDAD69A}.Debug|Any CPU.Build.0 = Debug|Any CPU
		{968CD05D-3DCE-4E42-B6FD-567DBFDAD69A}.Release|Any CPU.ActiveCfg = Release|Any CPU
		{968CD05D-3DCE-4E42-B6FD-567DBFDAD69A}.Release|Any CPU.Build.0 = Release|Any CPU
	EndGlobalSection
	GlobalSection(SolutionProperties) = preSolution
		HideSolutionNode = FALSE
	EndGlobalSection
	GlobalSection(ExtensibilityGlobals) = postSolution
		SolutionGuid = {F00F1F6C-7248-42AF-81A1-EB84ACCD4924}
	EndGlobalSection
EndGlobal
