
Microsoft Visual Studio Solution File, Format Version 12.00
# Visual Studio Version 17
VisualStudioVersion = 17.7.34202.233
MinimumVisualStudioVersion = 10.0.40219.1
Project("{FAE04EC0-301F-11D3-BF4B-00C04F79EFBC}") = "C# IF ELSE 27.10.23", "C# IF ELSE 27.10.23.csproj", "{A694AEAA-7D6B-43F8-AC7A-FB07317B1087}"
EndProject
Global
	GlobalSection(SolutionConfigurationPlatforms) = preSolution
		Debug|Any CPU = Debug|Any CPU
		Release|Any CPU = Release|Any CPU
	EndGlobalSection
	GlobalSection(ProjectConfigurationPlatforms) = postSolution
		{A694AEAA-7D6B-43F8-AC7A-FB07317B1087}.Debug|Any CPU.ActiveCfg = Debug|Any CPU
		{A694AEAA-7D6B-43F8-AC7A-FB07317B1087}.Debug|Any CPU.Build.0 = Debug|Any CPU
		{A694AEAA-7D6B-43F8-AC7A-FB07317B1087}.Release|Any CPU.ActiveCfg = Release|Any CPU
		{A694AEAA-7D6B-43F8-AC7A-FB07317B1087}.Release|Any CPU.Build.0 = Release|Any CPU
	EndGlobalSection
	GlobalSection(SolutionProperties) = preSolution
		HideSolutionNode = FALSE
	EndGlobalSection
	GlobalSection(ExtensibilityGlobals) = postSolution
		SolutionGuid = {6BCC310D-929D-404B-9ABF-D29B0F0A4EEF}
	EndGlobalSection
EndGlobal
