
Microsoft Visual Studio Solution File, Format Version 12.00
# Visual Studio Version 17
VisualStudioVersion = 17.7.34202.233
MinimumVisualStudioVersion = 10.0.40219.1
Project("{FAE04EC0-301F-11D3-BF4B-00C04F79EFBC}") = "C# Switch Case", "C# Switch Case.csproj", "{DD825DAC-424D-466D-975D-5309CC32DFEF}"
EndProject
Global
	GlobalSection(SolutionConfigurationPlatforms) = preSolution
		Debug|Any CPU = Debug|Any CPU
		Release|Any CPU = Release|Any CPU
	EndGlobalSection
	GlobalSection(ProjectConfigurationPlatforms) = postSolution
		{DD825DAC-424D-466D-975D-5309CC32DFEF}.Debug|Any CPU.ActiveCfg = Debug|Any CPU
		{DD825DAC-424D-466D-975D-5309CC32DFEF}.Debug|Any CPU.Build.0 = Debug|Any CPU
		{DD825DAC-424D-466D-975D-5309CC32DFEF}.Release|Any CPU.ActiveCfg = Release|Any CPU
		{DD825DAC-424D-466D-975D-5309CC32DFEF}.Release|Any CPU.Build.0 = Release|Any CPU
	EndGlobalSection
	GlobalSection(SolutionProperties) = preSolution
		HideSolutionNode = FALSE
	EndGlobalSection
	GlobalSection(ExtensibilityGlobals) = postSolution
		SolutionGuid = {33A18B1A-C0D8-476F-9CD9-E7D3160B3CD9}
	EndGlobalSection
EndGlobal
