
Microsoft Visual Studio Solution File, Format Version 12.00
# Visual Studio Version 17
VisualStudioVersion = 17.7.34202.233
MinimumVisualStudioVersion = 10.0.40219.1
Project("{FAE04EC0-301F-11D3-BF4B-00C04F79EFBC}") = "06.12.23", "06.12.23.csproj", "{36097454-9992-4BEC-A590-A91B8D3C6042}"
EndProject
Global
	GlobalSection(SolutionConfigurationPlatforms) = preSolution
		Debug|Any CPU = Debug|Any CPU
		Release|Any CPU = Release|Any CPU
	EndGlobalSection
	GlobalSection(ProjectConfigurationPlatforms) = postSolution
		{36097454-9992-4BEC-A590-A91B8D3C6042}.Debug|Any CPU.ActiveCfg = Debug|Any CPU
		{36097454-9992-4BEC-A590-A91B8D3C6042}.Debug|Any CPU.Build.0 = Debug|Any CPU
		{36097454-9992-4BEC-A590-A91B8D3C6042}.Release|Any CPU.ActiveCfg = Release|Any CPU
		{36097454-9992-4BEC-A590-A91B8D3C6042}.Release|Any CPU.Build.0 = Release|Any CPU
	EndGlobalSection
	GlobalSection(SolutionProperties) = preSolution
		HideSolutionNode = FALSE
	EndGlobalSection
	GlobalSection(ExtensibilityGlobals) = postSolution
		SolutionGuid = {4EC5FDA8-54A9-43F1-87DD-2192200C9AE9}
	EndGlobalSection
EndGlobal
